
Microsoft Visual Studio Solution File, Format Version 12.00
# Visual Studio Version 17
VisualStudioVersion = 17.13.35825.156 d17.13
MinimumVisualStudioVersion = 10.0.40219.1
Project("{FAE04EC0-301F-11D3-BF4B-00C04F79EFBC}") = "Gestion_Productos", "Gestion_Productos.csproj", "{09FADBFC-E550-4BD1-98A0-307E21CBDC1C}"
EndProject
Global
	GlobalSection(SolutionConfigurationPlatforms) = preSolution
		Debug|Any CPU = Debug|Any CPU
		Release|Any CPU = Release|Any CPU
	EndGlobalSection
	GlobalSection(ProjectConfigurationPlatforms) = postSolution
		{09FADBFC-E550-4BD1-98A0-307E21CBDC1C}.Debug|Any CPU.ActiveCfg = Debug|Any CPU
		{09FADBFC-E550-4BD1-98A0-307E21CBDC1C}.Debug|Any CPU.Build.0 = Debug|Any CPU
		{09FADBFC-E550-4BD1-98A0-307E21CBDC1C}.Release|Any CPU.ActiveCfg = Release|Any CPU
		{09FADBFC-E550-4BD1-98A0-307E21CBDC1C}.Release|Any CPU.Build.0 = Release|Any CPU
	EndGlobalSection
	GlobalSection(SolutionProperties) = preSolution
		HideSolutionNode = FALSE
	EndGlobalSection
	GlobalSection(ExtensibilityGlobals) = postSolution
		SolutionGuid = {A6ABBE4C-3940-475B-A49C-FFBDD7412F14}
	EndGlobalSection
EndGlobal
